
Microsoft Visual Studio Solution File, Format Version 12.00
# Visual Studio Version 17
VisualStudioVersion = 17.8.34525.116
MinimumVisualStudioVersion = 10.0.40219.1
Project("{FAE04EC0-301F-11D3-BF4B-00C04F79EFBC}") = "GlobalClick", "GlobalClick\GlobalClick.csproj", "{B6CA670D-311A-46CA-BA44-5C4F57B1CA52}"
EndProject
Global
	GlobalSection(SolutionConfigurationPlatforms) = preSolution
		Debug|Any CPU = Debug|Any CPU
		Release|Any CPU = Release|Any CPU
	EndGlobalSection
	GlobalSection(ProjectConfigurationPlatforms) = postSolution
		{B6CA670D-311A-46CA-BA44-5C4F57B1CA52}.Debug|Any CPU.ActiveCfg = Debug|Any CPU
		{B6CA670D-311A-46CA-BA44-5C4F57B1CA52}.Debug|Any CPU.Build.0 = Debug|Any CPU
		{B6CA670D-311A-46CA-BA44-5C4F57B1CA52}.Debug|Any CPU.Deploy.0 = Debug|Any CPU
		{B6CA670D-311A-46CA-BA44-5C4F57B1CA52}.Release|Any CPU.ActiveCfg = Release|Any CPU
		{B6CA670D-311A-46CA-BA44-5C4F57B1CA52}.Release|Any CPU.Build.0 = Release|Any CPU
		{B6CA670D-311A-46CA-BA44-5C4F57B1CA52}.Release|Any CPU.Deploy.0 = Release|Any CPU
	EndGlobalSection
	GlobalSection(SolutionProperties) = preSolution
		HideSolutionNode = FALSE
	EndGlobalSection
	GlobalSection(ExtensibilityGlobals) = postSolution
		SolutionGuid = {3F4298A0-FF0B-4F0A-B063-C8238759E324}
	EndGlobalSection
EndGlobal
